// !$*UTF8*$!
{
	archiveVersion = 1;
	classes = {
	};
	objectVersion = 56;
	objects = {

/* Begin PBXBuildFile section */
		2179987A2C64E46300BBC4AE /* VPNTestTaskApp.swift in Sources */ = {isa = PBXBuildFile; fileRef = 217998792C64E46300BBC4AE /* VPNTestTaskApp.swift */; };
		2179987C2C64E46300BBC4AE /* ContentView.swift in Sources */ = {isa = PBXBuildFile; fileRef = 2179987B2C64E46300BBC4AE /* ContentView.swift */; };
		2179987E2C64E46500BBC4AE /* Assets.xcassets in Resources */ = {isa = PBXBuildFile; fileRef = 2179987D2C64E46500BBC4AE /* Assets.xcassets */; };
		217998812C64E46500BBC4AE /* Preview Assets.xcassets in Resources */ = {isa = PBXBuildFile; fileRef = 217998802C64E46500BBC4AE /* Preview Assets.xcassets */; };
		217998832C64E46500BBC4AE /* Persistence.swift in Sources */ = {isa = PBXBuildFile; fileRef = 217998822C64E46500BBC4AE /* Persistence.swift */; };
		217998862C64E46500BBC4AE /* VPNTestTask.xcdatamodeld in Sources */ = {isa = PBXBuildFile; fileRef = 217998842C64E46500BBC4AE /* VPNTestTask.xcdatamodeld */; };
		217998902C64E46500BBC4AE /* VPNTestTaskTests.swift in Sources */ = {isa = PBXBuildFile; fileRef = 2179988F2C64E46500BBC4AE /* VPNTestTaskTests.swift */; };
		2179989A2C64E46500BBC4AE /* VPNTestTaskUITests.swift in Sources */ = {isa = PBXBuildFile; fileRef = 217998992C64E46500BBC4AE /* VPNTestTaskUITests.swift */; };
		2179989C2C64E46500BBC4AE /* VPNTestTaskUITestsLaunchTests.swift in Sources */ = {isa = PBXBuildFile; fileRef = 2179989B2C64E46500BBC4AE /* VPNTestTaskUITestsLaunchTests.swift */; };
/* End PBXBuildFile section */

/* Begin PBXContainerItemProxy section */
		2179988C2C64E46500BBC4AE /* PBXContainerItemProxy */ = {
			isa = PBXContainerItemProxy;
			containerPortal = 2179986E2C64E46300BBC4AE /* Project object */;
			proxyType = 1;
			remoteGlobalIDString = 217998752C64E46300BBC4AE;
			remoteInfo = VPNTestTask;
		};
		217998962C64E46500BBC4AE /* PBXContainerItemProxy */ = {
			isa = PBXContainerItemProxy;
			containerPortal = 2179986E2C64E46300BBC4AE /* Project object */;
			proxyType = 1;
			remoteGlobalIDString = 217998752C64E46300BBC4AE;
			remoteInfo = VPNTestTask;
		};
/* End PBXContainerItemProxy section */

/* Begin PBXFileReference section */
		217998762C64E46300BBC4AE /* VPNTestTask.app */ = {isa = PBXFileReference; explicitFileType = wrapper.application; includeInIndex = 0; path = VPNTestTask.app; sourceTree = BUILT_PRODUCTS_DIR; };
		217998792C64E46300BBC4AE /* VPNTestTaskApp.swift */ = {isa = PBXFileReference; lastKnownFileType = sourcecode.swift; path = VPNTestTaskApp.swift; sourceTree = "<group>"; };
		2179987B2C64E46300BBC4AE /* ContentView.swift */ = {isa = PBXFileReference; lastKnownFileType = sourcecode.swift; path = ContentView.swift; sourceTree = "<group>"; };
		2179987D2C64E46500BBC4AE /* Assets.xcassets */ = {isa = PBXFileReference; lastKnownFileType = folder.assetcatalog; path = Assets.xcassets; sourceTree = "<group>"; };
		217998802C64E46500BBC4AE /* Preview Assets.xcassets */ = {isa = PBXFileReference; lastKnownFileType = folder.assetcatalog; path = "Preview Assets.xcassets"; sourceTree = "<group>"; };
		217998822C64E46500BBC4AE /* Persistence.swift */ = {isa = PBXFileReference; lastKnownFileType = sourcecode.swift; path = Persistence.swift; sourceTree = "<group>"; };
		217998852C64E46500BBC4AE /* VPNTestTask.xcdatamodel */ = {isa = PBXFileReference; lastKnownFileType = wrapper.xcdatamodel; path = VPNTestTask.xcdatamodel; sourceTree = "<group>"; };
		2179988B2C64E46500BBC4AE /* VPNTestTaskTests.xctest */ = {isa = PBXFileReference; explicitFileType = wrapper.cfbundle; includeInIndex = 0; path = VPNTestTaskTests.xctest; sourceTree = BUILT_PRODUCTS_DIR; };
		2179988F2C64E46500BBC4AE /* VPNTestTaskTests.swift */ = {isa = PBXFileReference; lastKnownFileType = sourcecode.swift; path = VPNTestTaskTests.swift; sourceTree = "<group>"; };
		217998952C64E46500BBC4AE /* VPNTestTaskUITests.xctest */ = {isa = PBXFileReference; explicitFileType = wrapper.cfbundle; includeInIndex = 0; path = VPNTestTaskUITests.xctest; sourceTree = BUILT_PRODUCTS_DIR; };
		217998992C64E46500BBC4AE /* VPNTestTaskUITests.swift */ = {isa = PBXFileReference; lastKnownFileType = sourcecode.swift; path = VPNTestTaskUITests.swift; sourceTree = "<group>"; };
		2179989B2C64E46500BBC4AE /* VPNTestTaskUITestsLaunchTests.swift */ = {isa = PBXFileReference; lastKnownFileType = sourcecode.swift; path = VPNTestTaskUITestsLaunchTests.swift; sourceTree = "<group>"; };
/* End PBXFileReference section */

/* Begin PBXFrameworksBuildPhase section */
		217998732C64E46300BBC4AE /* Frameworks */ = {
			isa = PBXFrameworksBuildPhase;
			buildActionMask = 2147483647;
			files = (
			);
			runOnlyForDeploymentPostprocessing = 0;
		};
		217998882C64E46500BBC4AE /* Frameworks */ = {
			isa = PBXFrameworksBuildPhase;
			buildActionMask = 2147483647;
			files = (
			);
			runOnlyForDeploymentPostprocessing = 0;
		};
		217998922C64E46500BBC4AE /* Frameworks */ = {
			isa = PBXFrameworksBuildPhase;
			buildActionMask = 2147483647;
			files = (
			);
			runOnlyForDeploymentPostprocessing = 0;
		};
/* End PBXFrameworksBuildPhase section */

/* Begin PBXGroup section */
		2179986D2C64E46300BBC4AE = {
			isa = PBXGroup;
			children = (
				217998782C64E46300BBC4AE /* VPNTestTask */,
				2179988E2C64E46500BBC4AE /* VPNTestTaskTests */,
				217998982C64E46500BBC4AE /* VPNTestTaskUITests */,
				217998772C64E46300BBC4AE /* Products */,
			);
			sourceTree = "<group>";
		};
		217998772C64E46300BBC4AE /* Products */ = {
			isa = PBXGroup;
			children = (
				217998762C64E46300BBC4AE /* VPNTestTask.app */,
				2179988B2C64E46500BBC4AE /* VPNTestTaskTests.xctest */,
				217998952C64E46500BBC4AE /* VPNTestTaskUITests.xctest */,
			);
			name = Products;
			sourceTree = "<group>";
		};
		217998782C64E46300BBC4AE /* VPNTestTask */ = {
			isa = PBXGroup;
			children = (
				217998792C64E46300BBC4AE /* VPNTestTaskApp.swift */,
				2179987B2C64E46300BBC4AE /* ContentView.swift */,
				2179987D2C64E46500BBC4AE /* Assets.xcassets */,
				217998822C64E46500BBC4AE /* Persistence.swift */,
				217998842C64E46500BBC4AE /* VPNTestTask.xcdatamodeld */,
				2179987F2C64E46500BBC4AE /* Preview Content */,
			);
			path = VPNTestTask;
			sourceTree = "<group>";
		};
		2179987F2C64E46500BBC4AE /* Preview Content */ = {
			isa = PBXGroup;
			children = (
				217998802C64E46500BBC4AE /* Preview Assets.xcassets */,
			);
			path = "Preview Content";
			sourceTree = "<group>";
		};
		2179988E2C64E46500BBC4AE /* VPNTestTaskTests */ = {
			isa = PBXGroup;
			children = (
				2179988F2C64E46500BBC4AE /* VPNTestTaskTests.swift */,
			);
			path = VPNTestTaskTests;
			sourceTree = "<group>";
		};
		217998982C64E46500BBC4AE /* VPNTestTaskUITests */ = {
			isa = PBXGroup;
			children = (
				217998992C64E46500BBC4AE /* VPNTestTaskUITests.swift */,
				2179989B2C64E46500BBC4AE /* VPNTestTaskUITestsLaunchTests.swift */,
			);
			path = VPNTestTaskUITests;
			sourceTree = "<group>";
		};
/* End PBXGroup section */

/* Begin PBXNativeTarget section */
		217998752C64E46300BBC4AE /* VPNTestTask */ = {
			isa = PBXNativeTarget;
			buildConfigurationList = 2179989F2C64E46500BBC4AE /* Build configuration list for PBXNativeTarget "VPNTestTask" */;
			buildPhases = (
				217998722C64E46300BBC4AE /* Sources */,
				217998732C64E46300BBC4AE /* Frameworks */,
				217998742C64E46300BBC4AE /* Resources */,
			);
			buildRules = (
			);
			dependencies = (
			);
			name = VPNTestTask;
			productName = VPNTestTask;
			productReference = 217998762C64E46300BBC4AE /* VPNTestTask.app */;
			productType = "com.apple.product-type.application";
		};
		2179988A2C64E46500BBC4AE /* VPNTestTaskTests */ = {
			isa = PBXNativeTarget;
			buildConfigurationList = 217998A22C64E46500BBC4AE /* Build configuration list for PBXNativeTarget "VPNTestTaskTests" */;
			buildPhases = (
				217998872C64E46500BBC4AE /* Sources */,
				217998882C64E46500BBC4AE /* Frameworks */,
				217998892C64E46500BBC4AE /* Resources */,
			);
			buildRules = (
			);
			dependencies = (
				2179988D2C64E46500BBC4AE /* PBXTargetDependency */,
			);
			name = VPNTestTaskTests;
			productName = VPNTestTaskTests;
			productReference = 2179988B2C64E46500BBC4AE /* VPNTestTaskTests.xctest */;
			productType = "com.apple.product-type.bundle.unit-test";
		};
		217998942C64E46500BBC4AE /* VPNTestTaskUITests */ = {
			isa = PBXNativeTarget;
			buildConfigurationList = 217998A52C64E46500BBC4AE /* Build configuration list for PBXNativeTarget "VPNTestTaskUITests" */;
			buildPhases = (
				217998912C64E46500BBC4AE /* Sources */,
				217998922C64E46500BBC4AE /* Frameworks */,
				217998932C64E46500BBC4AE /* Resources */,
			);
			buildRules = (
			);
			dependencies = (
				217998972C64E46500BBC4AE /* PBXTargetDependency */,
			);
			name = VPNTestTaskUITests;
			productName = VPNTestTaskUITests;
			productReference = 217998952C64E46500BBC4AE /* VPNTestTaskUITests.xctest */;
			productType = "com.apple.product-type.bundle.ui-testing";
		};
/* End PBXNativeTarget section */

/* Begin PBXProject section */
		2179986E2C64E46300BBC4AE /* Project object */ = {
			isa = PBXProject;
			attributes = {
				BuildIndependentTargetsInParallel = 1;
				LastSwiftUpdateCheck = 1500;
				LastUpgradeCheck = 1500;
				TargetAttributes = {
					217998752C64E46300BBC4AE = {
						CreatedOnToolsVersion = 15.0;
					};
					2179988A2C64E46500BBC4AE = {
						CreatedOnToolsVersion = 15.0;
						TestTargetID = 217998752C64E46300BBC4AE;
					};
					217998942C64E46500BBC4AE = {
						CreatedOnToolsVersion = 15.0;
						TestTargetID = 217998752C64E46300BBC4AE;
					};
				};
			};
			buildConfigurationList = 217998712C64E46300BBC4AE /* Build configuration list for PBXProject "VPNTestTask" */;
			compatibilityVersion = "Xcode 14.0";
			developmentRegion = en;
			hasScannedForEncodings = 0;
			knownRegions = (
				en,
				Base,
			);
			mainGroup = 2179986D2C64E46300BBC4AE;
			productRefGroup = 217998772C64E46300BBC4AE /* Products */;
			projectDirPath = "";
			projectRoot = "";
			targets = (
				217998752C64E46300BBC4AE /* VPNTestTask */,
				2179988A2C64E46500BBC4AE /* VPNTestTaskTests */,
				217998942C64E46500BBC4AE /* VPNTestTaskUITests */,
			);
		};
/* End PBXProject section */

/* Begin PBXResourcesBuildPhase section */
		217998742C64E46300BBC4AE /* Resources */ = {
			isa = PBXResourcesBuildPhase;
			buildActionMask = 2147483647;
			files = (
				217998812C64E46500BBC4AE /* Preview Assets.xcassets in Resources */,
				2179987E2C64E46500BBC4AE /* Assets.xcassets in Resources */,
			);
			runOnlyForDeploymentPostprocessing = 0;
		};
		217998892C64E46500BBC4AE /* Resources */ = {
			isa = PBXResourcesBuildPhase;
			buildActionMask = 2147483647;
			files = (
			);
			runOnlyForDeploymentPostprocessing = 0;
		};
		217998932C64E46500BBC4AE /* Resources */ = {
			isa = PBXResourcesBuildPhase;
			buildActionMask = 2147483647;
			files = (
			);
			runOnlyForDeploymentPostprocessing = 0;
		};
/* End PBXResourcesBuildPhase section */

/* Begin PBXSourcesBuildPhase section */
		217998722C64E46300BBC4AE /* Sources */ = {
			isa = PBXSourcesBuildPhase;
			buildActionMask = 2147483647;
			files = (
				217998832C64E46500BBC4AE /* Persistence.swift in Sources */,
				2179987C2C64E46300BBC4AE /* ContentView.swift in Sources */,
				2179987A2C64E46300BBC4AE /* VPNTestTaskApp.swift in Sources */,
				217998862C64E46500BBC4AE /* VPNTestTask.xcdatamodeld in Sources */,
			);
			runOnlyForDeploymentPostprocessing = 0;
		};
		217998872C64E46500BBC4AE /* Sources */ = {
			isa = PBXSourcesBuildPhase;
			buildActionMask = 2147483647;
			files = (
				217998902C64E46500BBC4AE /* VPNTestTaskTests.swift in Sources */,
			);
			runOnlyForDeploymentPostprocessing = 0;
		};
		217998912C64E46500BBC4AE /* Sources */ = {
			isa = PBXSourcesBuildPhase;
			buildActionMask = 2147483647;
			files = (
				2179989C2C64E46500BBC4AE /* VPNTestTaskUITestsLaunchTests.swift in Sources */,
				2179989A2C64E46500BBC4AE /* VPNTestTaskUITests.swift in Sources */,
			);
			runOnlyForDeploymentPostprocessing = 0;
		};
/* End PBXSourcesBuildPhase section */

/* Begin PBXTargetDependency section */
		2179988D2C64E46500BBC4AE /* PBXTargetDependency */ = {
			isa = PBXTargetDependency;
			target = 217998752C64E46300BBC4AE /* VPNTestTask */;
			targetProxy = 2179988C2C64E46500BBC4AE /* PBXContainerItemProxy */;
		};
		217998972C64E46500BBC4AE /* PBXTargetDependency */ = {
			isa = PBXTargetDependency;
			target = 217998752C64E46300BBC4AE /* VPNTestTask */;
			targetProxy = 217998962C64E46500BBC4AE /* PBXContainerItemProxy */;
		};
/* End PBXTargetDependency section */

/* Begin XCBuildConfiguration section */
		2179989D2C64E46500BBC4AE /* Debug */ = {
			isa = XCBuildConfiguration;
			buildSettings = {
				ALWAYS_SEARCH_USER_PATHS = NO;
				ASSETCATALOG_COMPILER_GENERATE_SWIFT_ASSET_SYMBOL_EXTENSIONS = YES;
				CLANG_ANALYZER_NONNULL = YES;
				CLANG_ANALYZER_NUMBER_OBJECT_CONVERSION = YES_AGGRESSIVE;
				CLANG_CXX_LANGUAGE_STANDARD = "gnu++20";
				CLANG_ENABLE_MODULES = YES;
				CLANG_ENABLE_OBJC_ARC = YES;
				CLANG_ENABLE_OBJC_WEAK = YES;
				CLANG_WARN_BLOCK_CAPTURE_AUTORELEASING = YES;
				CLANG_WARN_BOOL_CONVERSION = YES;
				CLANG_WARN_COMMA = YES;
				CLANG_WARN_CONSTANT_CONVERSION = YES;
				CLANG_WARN_DEPRECATED_OBJC_IMPLEMENTATIONS = YES;
				CLANG_WARN_DIRECT_OBJC_ISA_USAGE = YES_ERROR;
				CLANG_WARN_DOCUMENTATION_COMMENTS = YES;
				CLANG_WARN_EMPTY_BODY = YES;
				CLANG_WARN_ENUM_CONVERSION = YES;
				CLANG_WARN_INFINITE_RECURSION = YES;
				CLANG_WARN_INT_CONVERSION = YES;
				CLANG_WARN_NON_LITERAL_NULL_CONVERSION = YES;
				CLANG_WARN_OBJC_IMPLICIT_RETAIN_SELF = YES;
				CLANG_WARN_OBJC_LITERAL_CONVERSION = YES;
				CLANG_WARN_OBJC_ROOT_CLASS = YES_ERROR;
				CLANG_WARN_QUOTED_INCLUDE_IN_FRAMEWORK_HEADER = YES;
				CLANG_WARN_RANGE_LOOP_ANALYSIS = YES;
				CLANG_WARN_STRICT_PROTOTYPES = YES;
				CLANG_WARN_SUSPICIOUS_MOVE = YES;
				CLANG_WARN_UNGUARDED_AVAILABILITY = YES_AGGRESSIVE;
				CLANG_WARN_UNREACHABLE_CODE = YES;
				CLANG_WARN__DUPLICATE_METHOD_MATCH = YES;
				COPY_PHASE_STRIP = NO;
				DEBUG_INFORMATION_FORMAT = dwarf;
				ENABLE_STRICT_OBJC_MSGSEND = YES;
				ENABLE_TESTABILITY = YES;
				ENABLE_USER_SCRIPT_SANDBOXING = YES;
				GCC_C_LANGUAGE_STANDARD = gnu17;
				GCC_DYNAMIC_NO_PIC = NO;
				GCC_NO_COMMON_BLOCKS = YES;
				GCC_OPTIMIZATION_LEVEL = 0;
				GCC_PREPROCESSOR_DEFINITIONS = (
					"DEBUG=1",
					"$(inherited)",
				);
				GCC_WARN_64_TO_32_BIT_CONVERSION = YES;
				GCC_WARN_ABOUT_RETURN_TYPE = YES_ERROR;
				GCC_WARN_UNDECLARED_SELECTOR = YES;
				GCC_WARN_UNINITIALIZED_AUTOS = YES_AGGRESSIVE;
				GCC_WARN_UNUSED_FUNCTION = YES;
				GCC_WARN_UNUSED_VARIABLE = YES;
				IPHONEOS_DEPLOYMENT_TARGET = 17.0;
				LOCALIZATION_PREFERS_STRING_CATALOGS = YES;
				MTL_ENABLE_DEBUG_INFO = INCLUDE_SOURCE;
				MTL_FAST_MATH = YES;
				ONLY_ACTIVE_ARCH = YES;
				SDKROOT = iphoneos;
				SWIFT_ACTIVE_COMPILATION_CONDITIONS = "DEBUG $(inherited)";
				SWIFT_OPTIMIZATION_LEVEL = "-Onone";
			};
			name = Debug;
		};
		2179989E2C64E46500BBC4AE /* Release */ = {
			isa = XCBuildConfiguration;
			buildSettings = {
				ALWAYS_SEARCH_USER_PATHS = NO;
				ASSETCATALOG_COMPILER_GENERATE_SWIFT_ASSET_SYMBOL_EXTENSIONS = YES;
				CLANG_ANALYZER_NONNULL = YES;
				CLANG_ANALYZER_NUMBER_OBJECT_CONVERSION = YES_AGGRESSIVE;
				CLANG_CXX_LANGUAGE_STANDARD = "gnu++20";
				CLANG_ENABLE_MODULES = YES;
				CLANG_ENABLE_OBJC_ARC = YES;
				CLANG_ENABLE_OBJC_WEAK = YES;
				CLANG_WARN_BLOCK_CAPTURE_AUTORELEASING = YES;
				CLANG_WARN_BOOL_CONVERSION = YES;
				CLANG_WARN_COMMA = YES;
				CLANG_WARN_CONSTANT_CONVERSION = YES;
				CLANG_WARN_DEPRECATED_OBJC_IMPLEMENTATIONS = YES;
				CLANG_WARN_DIRECT_OBJC_ISA_USAGE = YES_ERROR;
				CLANG_WARN_DOCUMENTATION_COMMENTS = YES;
				CLANG_WARN_EMPTY_BODY = YES;
				CLANG_WARN_ENUM_CONVERSION = YES;
				CLANG_WARN_INFINITE_RECURSION = YES;
				CLANG_WARN_INT_CONVERSION = YES;
				CLANG_WARN_NON_LITERAL_NULL_CONVERSION = YES;
				CLANG_WARN_OBJC_IMPLICIT_RETAIN_SELF = YES;
				CLANG_WARN_OBJC_LITERAL_CONVERSION = YES;
				CLANG_WARN_OBJC_ROOT_CLASS = YES_ERROR;
				CLANG_WARN_QUOTED_INCLUDE_IN_FRAMEWORK_HEADER = YES;
				CLANG_WARN_RANGE_LOOP_ANALYSIS = YES;
				CLANG_WARN_STRICT_PROTOTYPES = YES;
				CLANG_WARN_SUSPICIOUS_MOVE = YES;
				CLANG_WARN_UNGUARDED_AVAILABILITY = YES_AGGRESSIVE;
				CLANG_WARN_UNREACHABLE_CODE = YES;
				CLANG_WARN__DUPLICATE_METHOD_MATCH = YES;
				COPY_PHASE_STRIP = NO;
				DEBUG_INFORMATION_FORMAT = "dwarf-with-dsym";
				ENABLE_NS_ASSERTIONS = NO;
				ENABLE_STRICT_OBJC_MSGSEND = YES;
				ENABLE_USER_SCRIPT_SANDBOXING = YES;
				GCC_C_LANGUAGE_STANDARD = gnu17;
				GCC_NO_COMMON_BLOCKS = YES;
				GCC_WARN_64_TO_32_BIT_CONVERSION = YES;
				GCC_WARN_ABOUT_RETURN_TYPE = YES_ERROR;
				GCC_WARN_UNDECLARED_SELECTOR = YES;
				GCC_WARN_UNINITIALIZED_AUTOS = YES_AGGRESSIVE;
				GCC_WARN_UNUSED_FUNCTION = YES;
				GCC_WARN_UNUSED_VARIABLE = YES;
				IPHONEOS_DEPLOYMENT_TARGET = 17.0;
				LOCALIZATION_PREFERS_STRING_CATALOGS = YES;
				MTL_ENABLE_DEBUG_INFO = NO;
				MTL_FAST_MATH = YES;
				SDKROOT = iphoneos;
				SWIFT_COMPILATION_MODE = wholemodule;
				VALIDATE_PRODUCT = YES;
			};
			name = Release;
		};
		217998A02C64E46500BBC4AE /* Debug */ = {
			isa = XCBuildConfiguration;
			buildSettings = {
				ASSETCATALOG_COMPILER_APPICON_NAME = AppIcon;
				ASSETCATALOG_COMPILER_GLOBAL_ACCENT_COLOR_NAME = AccentColor;
				CODE_SIGN_STYLE = Automatic;
				CURRENT_PROJECT_VERSION = 1;
				DEVELOPMENT_ASSET_PATHS = "\"VPNTestTask/Preview Content\"";
				DEVELOPMENT_TEAM = Z8YT8A2XZ2;
				ENABLE_PREVIEWS = YES;
				GENERATE_INFOPLIST_FILE = YES;
				INFOPLIST_KEY_UIApplicationSceneManifest_Generation = YES;
				INFOPLIST_KEY_UIApplicationSupportsIndirectInputEvents = YES;
				INFOPLIST_KEY_UILaunchScreen_Generation = YES;
				INFOPLIST_KEY_UISupportedInterfaceOrientations_iPad = "UIInterfaceOrientationPortrait UIInterfaceOrientationPortraitUpsideDown UIInterfaceOrientationLandscapeLeft UIInterfaceOrientationLandscapeRight";
				INFOPLIST_KEY_UISupportedInterfaceOrientations_iPhone = "UIInterfaceOrientationPortrait UIInterfaceOrientationLandscapeLeft UIInterfaceOrientationLandscapeRight";
				LD_RUNPATH_SEARCH_PATHS = (
					"$(inherited)",
					"@executable_path/Frameworks",
				);
				MARKETING_VERSION = 1.0;
				PRODUCT_BUNDLE_IDENTIFIER = yk.VPNTestTask;
				PRODUCT_NAME = "$(TARGET_NAME)";
				SWIFT_EMIT_LOC_STRINGS = YES;
				SWIFT_VERSION = 5.0;
				TARGETED_DEVICE_FAMILY = "1,2";
			};
			name = Debug;
		};
		217998A12C64E46500BBC4AE /* Release */ = {
			isa = XCBuildConfiguration;
			buildSettings = {
				ASSETCATALOG_COMPILER_APPICON_NAME = AppIcon;
				ASSETCATALOG_COMPILER_GLOBAL_ACCENT_COLOR_NAME = AccentColor;
				CODE_SIGN_STYLE = Automatic;
				CURRENT_PROJECT_VERSION = 1;
				DEVELOPMENT_ASSET_PATHS = "\"VPNTestTask/Preview Content\"";
				DEVELOPMENT_TEAM = Z8YT8A2XZ2;
				ENABLE_PREVIEWS = YES;
				GENERATE_INFOPLIST_FILE = YES;
				INFOPLIST_KEY_UIApplicationSceneManifest_Generation = YES;
				INFOPLIST_KEY_UIApplicationSupportsIndirectInputEvents = YES;
				INFOPLIST_KEY_UILaunchScreen_Generation = YES;
				INFOPLIST_KEY_UISupportedInterfaceOrientations_iPad = "UIInterfaceOrientationPortrait UIInterfaceOrientationPortraitUpsideDown UIInterfaceOrientationLandscapeLeft UIInterfaceOrientationLandscapeRight";
				INFOPLIST_KEY_UISupportedInterfaceOrientations_iPhone = "UIInterfaceOrientationPortrait UIInterfaceOrientationLandscapeLeft UIInterfaceOrientationLandscapeRight";
				LD_RUNPATH_SEARCH_PATHS = (
					"$(inherited)",
					"@executable_path/Frameworks",
				);
				MARKETING_VERSION = 1.0;
				PRODUCT_BUNDLE_IDENTIFIER = yk.VPNTestTask;
				PRODUCT_NAME = "$(TARGET_NAME)";
				SWIFT_EMIT_LOC_STRINGS = YES;
				SWIFT_VERSION = 5.0;
				TARGETED_DEVICE_FAMILY = "1,2";
			};
			name = Release;
		};
		217998A32C64E46500BBC4AE /* Debug */ = {
			isa = XCBuildConfiguration;
			buildSettings = {
				ALWAYS_EMBED_SWIFT_STANDARD_LIBRARIES = YES;
				BUNDLE_LOADER = "$(TEST_HOST)";
				CODE_SIGN_STYLE = Automatic;
				CURRENT_PROJECT_VERSION = 1;
				DEVELOPMENT_TEAM = Z8YT8A2XZ2;
				GENERATE_INFOPLIST_FILE = YES;
				IPHONEOS_DEPLOYMENT_TARGET = 17.0;
				MARKETING_VERSION = 1.0;
				PRODUCT_BUNDLE_IDENTIFIER = yk.VPNTestTaskTests;
				PRODUCT_NAME = "$(TARGET_NAME)";
				SWIFT_EMIT_LOC_STRINGS = NO;
				SWIFT_VERSION = 5.0;
				TARGETED_DEVICE_FAMILY = "1,2";
				TEST_HOST = "$(BUILT_PRODUCTS_DIR)/VPNTestTask.app/$(BUNDLE_EXECUTABLE_FOLDER_PATH)/VPNTestTask";
			};
			name = Debug;
		};
		217998A42C64E46500BBC4AE /* Release */ = {
			isa = XCBuildConfiguration;
			buildSettings = {
				ALWAYS_EMBED_SWIFT_STANDARD_LIBRARIES = YES;
				BUNDLE_LOADER = "$(TEST_HOST)";
				CODE_SIGN_STYLE = Automatic;
				CURRENT_PROJECT_VERSION = 1;
				DEVELOPMENT_TEAM = Z8YT8A2XZ2;
				GENERATE_INFOPLIST_FILE = YES;
				IPHONEOS_DEPLOYMENT_TARGET = 17.0;
				MARKETING_VERSION = 1.0;
				PRODUCT_BUNDLE_IDENTIFIER = yk.VPNTestTaskTests;
				PRODUCT_NAME = "$(TARGET_NAME)";
				SWIFT_EMIT_LOC_STRINGS = NO;
				SWIFT_VERSION = 5.0;
				TARGETED_DEVICE_FAMILY = "1,2";
				TEST_HOST = "$(BUILT_PRODUCTS_DIR)/VPNTestTask.app/$(BUNDLE_EXECUTABLE_FOLDER_PATH)/VPNTestTask";
			};
			name = Release;
		};
		217998A62C64E46500BBC4AE /* Debug */ = {
			isa = XCBuildConfiguration;
			buildSettings = {
				ALWAYS_EMBED_SWIFT_STANDARD_LIBRARIES = YES;
				CODE_SIGN_STYLE = Automatic;
				CURRENT_PROJECT_VERSION = 1;
				DEVELOPMENT_TEAM = Z8YT8A2XZ2;
				GENERATE_INFOPLIST_FILE = YES;
				MARKETING_VERSION = 1.0;
				PRODUCT_BUNDLE_IDENTIFIER = yk.VPNTestTaskUITests;
				PRODUCT_NAME = "$(TARGET_NAME)";
				SWIFT_EMIT_LOC_STRINGS = NO;
				SWIFT_VERSION = 5.0;
				TARGETED_DEVICE_FAMILY = "1,2";
				TEST_TARGET_NAME = VPNTestTask;
			};
			name = Debug;
		};
		217998A72C64E46500BBC4AE /* Release */ = {
			isa = XCBuildConfiguration;
			buildSettings = {
				ALWAYS_EMBED_SWIFT_STANDARD_LIBRARIES = YES;
				CODE_SIGN_STYLE = Automatic;
				CURRENT_PROJECT_VERSION = 1;
				DEVELOPMENT_TEAM = Z8YT8A2XZ2;
				GENERATE_INFOPLIST_FILE = YES;
				MARKETING_VERSION = 1.0;
				PRODUCT_BUNDLE_IDENTIFIER = yk.VPNTestTaskUITests;
				PRODUCT_NAME = "$(TARGET_NAME)";
				SWIFT_EMIT_LOC_STRINGS = NO;
				SWIFT_VERSION = 5.0;
				TARGETED_DEVICE_FAMILY = "1,2";
				TEST_TARGET_NAME = VPNTestTask;
			};
			name = Release;
		};
/* End XCBuildConfiguration section */

/* Begin XCConfigurationList section */
		217998712C64E46300BBC4AE /* Build configuration list for PBXProject "VPNTestTask" */ = {
			isa = XCConfigurationList;
			buildConfigurations = (
				2179989D2C64E46500BBC4AE /* Debug */,
				2179989E2C64E46500BBC4AE /* Release */,
			);
			defaultConfigurationIsVisible = 0;
			defaultConfigurationName = Release;
		};
		2179989F2C64E46500BBC4AE /* Build configuration list for PBXNativeTarget "VPNTestTask" */ = {
			isa = XCConfigurationList;
			buildConfigurations = (
				217998A02C64E46500BBC4AE /* Debug */,
				217998A12C64E46500BBC4AE /* Release */,
			);
			defaultConfigurationIsVisible = 0;
			defaultConfigurationName = Release;
		};
		217998A22C64E46500BBC4AE /* Build configuration list for PBXNativeTarget "VPNTestTaskTests" */ = {
			isa = XCConfigurationList;
			buildConfigurations = (
				217998A32C64E46500BBC4AE /* Debug */,
				217998A42C64E46500BBC4AE /* Release */,
			);
			defaultConfigurationIsVisible = 0;
			defaultConfigurationName = Release;
		};
		217998A52C64E46500BBC4AE /* Build configuration list for PBXNativeTarget "VPNTestTaskUITests" */ = {
			isa = XCConfigurationList;
			buildConfigurations = (
				217998A62C64E46500BBC4AE /* Debug */,
				217998A72C64E46500BBC4AE /* Release */,
			);
			defaultConfigurationIsVisible = 0;
			defaultConfigurationName = Release;
		};
/* End XCConfigurationList section */

/* Begin XCVersionGroup section */
		217998842C64E46500BBC4AE /* VPNTestTask.xcdatamodeld */ = {
			isa = XCVersionGroup;
			children = (
				217998852C64E46500BBC4AE /* VPNTestTask.xcdatamodel */,
			);
			currentVersion = 217998852C64E46500BBC4AE /* VPNTestTask.xcdatamodel */;
			path = VPNTestTask.xcdatamodeld;
			sourceTree = "<group>";
			versionGroupType = wrapper.xcdatamodel;
		};
/* End XCVersionGroup section */
	};
	rootObject = 2179986E2C64E46300BBC4AE /* Project object */;
}
